
Microsoft Visual Studio Solution File, Format Version 12.00
# Visual Studio Version 16
VisualStudioVersion = 16.0.29709.97
MinimumVisualStudioVersion = 10.0.40219.1
Project("{FAE04EC0-301F-11D3-BF4B-00C04F79EFBC}") = "UploadApp", "UploadApp\UploadApp.csproj", "{C5B23BA9-C377-409F-9E10-4A1F0AF24D69}"
EndProject
Project("{00D1A9C2-B5F0-4AF3-8072-F6C62B433612}") = "UploadApp.SqlServer", "UploadApp.SqlServer\UploadApp.SqlServer.sqlproj", "{CD266CA9-2E87-4443-9687-77DCEFA89E6B}"
EndProject
Project("{FAE04EC0-301F-11D3-BF4B-00C04F79EFBC}") = "UploadApp.Models", "UploadApp.Models\UploadApp.Models.csproj", "{AA7F44E6-DCA8-407A-83AA-A7B3C11CC671}"
EndProject
Project("{FAE04EC0-301F-11D3-BF4B-00C04F79EFBC}") = "UploadApp.Models.Tests", "UploadApp.Models.Tests\UploadApp.Models.Tests.csproj", "{F8FDDC2C-B0E9-4A5B-AE3F-F78DC6C34DC8}"
EndProject
Project("{FAE04EC0-301F-11D3-BF4B-00C04F79EFBC}") = "UploadApp.Apis", "UploadApp.Apis\UploadApp.Apis.csproj", "{69FBB91D-1E29-4F2A-90B2-1ED1505D11D1}"
EndProject
Global
	GlobalSection(SolutionConfigurationPlatforms) = preSolution
		Debug|Any CPU = Debug|Any CPU
		Release|Any CPU = Release|Any CPU
	EndGlobalSection
	GlobalSection(ProjectConfigurationPlatforms) = postSolution
		{C5B23BA9-C377-409F-9E10-4A1F0AF24D69}.Debug|Any CPU.ActiveCfg = Debug|Any CPU
		{C5B23BA9-C377-409F-9E10-4A1F0AF24D69}.Debug|Any CPU.Build.0 = Debug|Any CPU
		{C5B23BA9-C377-409F-9E10-4A1F0AF24D69}.Release|Any CPU.ActiveCfg = Release|Any CPU
		{C5B23BA9-C377-409F-9E10-4A1F0AF24D69}.Release|Any CPU.Build.0 = Release|Any CPU
		{CD266CA9-2E87-4443-9687-77DCEFA89E6B}.Debug|Any CPU.ActiveCfg = Debug|Any CPU
		{CD266CA9-2E87-4443-9687-77DCEFA89E6B}.Debug|Any CPU.Build.0 = Debug|Any CPU
		{CD266CA9-2E87-4443-9687-77DCEFA89E6B}.Debug|Any CPU.Deploy.0 = Debug|Any CPU
		{CD266CA9-2E87-4443-9687-77DCEFA89E6B}.Release|Any CPU.ActiveCfg = Release|Any CPU
		{CD266CA9-2E87-4443-9687-77DCEFA89E6B}.Release|Any CPU.Build.0 = Release|Any CPU
		{CD266CA9-2E87-4443-9687-77DCEFA89E6B}.Release|Any CPU.Deploy.0 = Release|Any CPU
		{AA7F44E6-DCA8-407A-83AA-A7B3C11CC671}.Debug|Any CPU.ActiveCfg = Debug|Any CPU
		{AA7F44E6-DCA8-407A-83AA-A7B3C11CC671}.Debug|Any CPU.Build.0 = Debug|Any CPU
		{AA7F44E6-DCA8-407A-83AA-A7B3C11CC671}.Release|Any CPU.ActiveCfg = Release|Any CPU
		{AA7F44E6-DCA8-407A-83AA-A7B3C11CC671}.Release|Any CPU.Build.0 = Release|Any CPU
		{F8FDDC2C-B0E9-4A5B-AE3F-F78DC6C34DC8}.Debug|Any CPU.ActiveCfg = Debug|Any CPU
		{F8FDDC2C-B0E9-4A5B-AE3F-F78DC6C34DC8}.Debug|Any CPU.Build.0 = Debug|Any CPU
		{F8FDDC2C-B0E9-4A5B-AE3F-F78DC6C34DC8}.Release|Any CPU.ActiveCfg = Release|Any CPU
		{F8FDDC2C-B0E9-4A5B-AE3F-F78DC6C34DC8}.Release|Any CPU.Build.0 = Release|Any CPU
		{69FBB91D-1E29-4F2A-90B2-1ED1505D11D1}.Debug|Any CPU.ActiveCfg = Debug|Any CPU
		{69FBB91D-1E29-4F2A-90B2-1ED1505D11D1}.Debug|Any CPU.Build.0 = Debug|Any CPU
		{69FBB91D-1E29-4F2A-90B2-1ED1505D11D1}.Release|Any CPU.ActiveCfg = Release|Any CPU
		{69FBB91D-1E29-4F2A-90B2-1ED1505D11D1}.Release|Any CPU.Build.0 = Release|Any CPU
	EndGlobalSection
	GlobalSection(SolutionProperties) = preSolution
		HideSolutionNode = FALSE
	EndGlobalSection
	GlobalSection(ExtensibilityGlobals) = postSolution
		SolutionGuid = {5B20A26E-F4D3-401B-AE87-9E347870F638}
	EndGlobalSection
EndGlobal
